// !$*UTF8*$!
{
	archiveVersion = 1;
	classes = {
	};
	objectVersion = 50;
	objects = {

/* Begin PBXBuildFile section */
		0E30F0D122C3ACDD004C0722 /* DetailCell2.swift in Sources */ = {isa = PBXBuildFile; fileRef = 0E30F0CF22C3ACDD004C0722 /* DetailCell2.swift */; };
		0E30F0D222C3ACDD004C0722 /* DetailCell2.xib in Resources */ = {isa = PBXBuildFile; fileRef = 0E30F0D022C3ACDD004C0722 /* DetailCell2.xib */; };
		0EF0228522C4E3B900ED3569 /* MainVC.swift in Sources */ = {isa = PBXBuildFile; fileRef = 0EF0228422C4E3B900ED3569 /* MainVC.swift */; };
		0EF0228822C4E55500ED3569 /* SelfSizingCellNibfileVC.swift in Sources */ = {isa = PBXBuildFile; fileRef = 0EF0228722C4E55500ED3569 /* SelfSizingCellNibfileVC.swift */; };
		0EF0228A22C4E73300ED3569 /* MainCell.swift in Sources */ = {isa = PBXBuildFile; fileRef = 0EF0228922C4E73300ED3569 /* MainCell.swift */; };
		0F3D116048DE649DB8DC22CD /* Pods_NavBarAndHeaderUITests.framework in Frameworks */ = {isa = PBXBuildFile; fileRef = 93CE8C216B211DA4AF681E81 /* Pods_NavBarAndHeaderUITests.framework */; };
		4ED1C8D3F80C898925B860B3 /* Pods_NavBarAndHeader.framework in Frameworks */ = {isa = PBXBuildFile; fileRef = 7C651E1841C4D7C482CD061D /* Pods_NavBarAndHeader.framework */; };
		5E669DB122C129FA00B0C822 /* AppDelegate.swift in Sources */ = {isa = PBXBuildFile; fileRef = 5E669DB022C129FA00B0C822 /* AppDelegate.swift */; };
		5E669DB322C129FA00B0C822 /* ViewController.swift in Sources */ = {isa = PBXBuildFile; fileRef = 5E669DB222C129FA00B0C822 /* ViewController.swift */; };
		5E669DB822C129FB00B0C822 /* Assets.xcassets in Resources */ = {isa = PBXBuildFile; fileRef = 5E669DB722C129FB00B0C822 /* Assets.xcassets */; };
		5E669DBB22C129FB00B0C822 /* LaunchScreen.storyboard in Resources */ = {isa = PBXBuildFile; fileRef = 5E669DB922C129FB00B0C822 /* LaunchScreen.storyboard */; };
		5E669DC622C129FB00B0C822 /* NavBarAndHeaderTests.swift in Sources */ = {isa = PBXBuildFile; fileRef = 5E669DC522C129FB00B0C822 /* NavBarAndHeaderTests.swift */; };
		5E669DD122C129FB00B0C822 /* NavBarAndHeaderUITests.swift in Sources */ = {isa = PBXBuildFile; fileRef = 5E669DD022C129FB00B0C822 /* NavBarAndHeaderUITests.swift */; };
		5E669DE322C12B3000B0C822 /* StretchHeader.swift in Sources */ = {isa = PBXBuildFile; fileRef = 5E669DE222C12B3000B0C822 /* StretchHeader.swift */; };
		5E669DE622C13AA200B0C822 /* DetailVC.swift in Sources */ = {isa = PBXBuildFile; fileRef = 5E669DE522C13AA200B0C822 /* DetailVC.swift */; };
		5E669DE822C13AE600B0C822 /* EventModel.swift in Sources */ = {isa = PBXBuildFile; fileRef = 5E669DE722C13AE600B0C822 /* EventModel.swift */; };
		5E669DEB22C13D3300B0C822 /* MasterVC.swift in Sources */ = {isa = PBXBuildFile; fileRef = 5E669DEA22C13D3300B0C822 /* MasterVC.swift */; };
		5E669DED22C13DF600B0C822 /* EventService.swift in Sources */ = {isa = PBXBuildFile; fileRef = 5E669DEC22C13DF600B0C822 /* EventService.swift */; };
		5E669DF022C13F1400B0C822 /* HttpHelp.swift in Sources */ = {isa = PBXBuildFile; fileRef = 5E669DEE22C13F1400B0C822 /* HttpHelp.swift */; };
		5E669DF122C13F1400B0C822 /* Reachability.swift in Sources */ = {isa = PBXBuildFile; fileRef = 5E669DEF22C13F1400B0C822 /* Reachability.swift */; };
		5E669DF322C140CF00B0C822 /* MasterViewModel.swift in Sources */ = {isa = PBXBuildFile; fileRef = 5E669DF222C140CF00B0C822 /* MasterViewModel.swift */; };
		5E669DF522C146F200B0C822 /* Extensions.swift in Sources */ = {isa = PBXBuildFile; fileRef = 5E669DF422C146F200B0C822 /* Extensions.swift */; };
		5E669DF722C1491900B0C822 /* MasterCell.swift in Sources */ = {isa = PBXBuildFile; fileRef = 5E669DF622C1491900B0C822 /* MasterCell.swift */; };
		5E669DF922C14E8400B0C822 /* Protocols.swift in Sources */ = {isa = PBXBuildFile; fileRef = 5E669DF822C14E8400B0C822 /* Protocols.swift */; };
		5E669DFF22C16B7300B0C822 /* DetailCellPreferredLayout.swift in Sources */ = {isa = PBXBuildFile; fileRef = 5E669DFE22C16B7300B0C822 /* DetailCellPreferredLayout.swift */; };
		5E669E0122C16BD700B0C822 /* DetailHeader.swift in Sources */ = {isa = PBXBuildFile; fileRef = 5E669E0022C16BD700B0C822 /* DetailHeader.swift */; };
		5E669E0B22C3D85800B0C822 /* DetailCellDelegate.swift in Sources */ = {isa = PBXBuildFile; fileRef = 5E669E0A22C3D85800B0C822 /* DetailCellDelegate.swift */; };
		5E669E0D22C3FAEC00B0C822 /* MyCollectionView.swift in Sources */ = {isa = PBXBuildFile; fileRef = 5E669E0C22C3FAEC00B0C822 /* MyCollectionView.swift */; };
		5E669E2822C54C1400B0C822 /* LayoutDelegateVC.swift in Sources */ = {isa = PBXBuildFile; fileRef = 5E669E2722C54C1400B0C822 /* LayoutDelegateVC.swift */; };
		932525FD641EFC9D4930A318 /* Pods_NavBarAndHeaderTests.framework in Frameworks */ = {isa = PBXBuildFile; fileRef = 1AEE2B00964F23F0080F814E /* Pods_NavBarAndHeaderTests.framework */; };
/* End PBXBuildFile section */

/* Begin PBXContainerItemProxy section */
		5E669DC222C129FB00B0C822 /* PBXContainerItemProxy */ = {
			isa = PBXContainerItemProxy;
			containerPortal = 5E669DA522C129FA00B0C822 /* Project object */;
			proxyType = 1;
			remoteGlobalIDString = 5E669DAC22C129FA00B0C822;
			remoteInfo = NavBarAndHeader;
		};
		5E669DCD22C129FB00B0C822 /* PBXContainerItemProxy */ = {
			isa = PBXContainerItemProxy;
			containerPortal = 5E669DA522C129FA00B0C822 /* Project object */;
			proxyType = 1;
			remoteGlobalIDString = 5E669DAC22C129FA00B0C822;
			remoteInfo = NavBarAndHeader;
		};
/* End PBXContainerItemProxy section */

/* Begin PBXFileReference section */
		085484A9662D42702138E07E /* Pods-NavBarAndHeaderUITests.release.xcconfig */ = {isa = PBXFileReference; includeInIndex = 1; lastKnownFileType = text.xcconfig; name = "Pods-NavBarAndHeaderUITests.release.xcconfig"; path = "Target Support Files/Pods-NavBarAndHeaderUITests/Pods-NavBarAndHeaderUITests.release.xcconfig"; sourceTree = "<group>"; };
		0E30F0CF22C3ACDD004C0722 /* DetailCell2.swift */ = {isa = PBXFileReference; lastKnownFileType = sourcecode.swift; path = DetailCell2.swift; sourceTree = "<group>"; };
		0E30F0D022C3ACDD004C0722 /* DetailCell2.xib */ = {isa = PBXFileReference; lastKnownFileType = file.xib; path = DetailCell2.xib; sourceTree = "<group>"; };
		0EF0228422C4E3B900ED3569 /* MainVC.swift */ = {isa = PBXFileReference; lastKnownFileType = sourcecode.swift; path = MainVC.swift; sourceTree = "<group>"; };
		0EF0228722C4E55500ED3569 /* SelfSizingCellNibfileVC.swift */ = {isa = PBXFileReference; lastKnownFileType = sourcecode.swift; path = SelfSizingCellNibfileVC.swift; sourceTree = "<group>"; };
		0EF0228922C4E73300ED3569 /* MainCell.swift */ = {isa = PBXFileReference; lastKnownFileType = sourcecode.swift; path = MainCell.swift; sourceTree = "<group>"; };
		149BE6084373216900C51B82 /* Pods-NavBarAndHeader.debug.xcconfig */ = {isa = PBXFileReference; includeInIndex = 1; lastKnownFileType = text.xcconfig; name = "Pods-NavBarAndHeader.debug.xcconfig"; path = "Target Support Files/Pods-NavBarAndHeader/Pods-NavBarAndHeader.debug.xcconfig"; sourceTree = "<group>"; };
		1AEE2B00964F23F0080F814E /* Pods_NavBarAndHeaderTests.framework */ = {isa = PBXFileReference; explicitFileType = wrapper.framework; includeInIndex = 0; path = Pods_NavBarAndHeaderTests.framework; sourceTree = BUILT_PRODUCTS_DIR; };
		335A8E6132B52216FCE049B0 /* Pods-NavBarAndHeaderUITests.debug.xcconfig */ = {isa = PBXFileReference; includeInIndex = 1; lastKnownFileType = text.xcconfig; name = "Pods-NavBarAndHeaderUITests.debug.xcconfig"; path = "Target Support Files/Pods-NavBarAndHeaderUITests/Pods-NavBarAndHeaderUITests.debug.xcconfig"; sourceTree = "<group>"; };
		5E669DAD22C129FA00B0C822 /* NavBarAndHeader.app */ = {isa = PBXFileReference; explicitFileType = wrapper.application; includeInIndex = 0; path = NavBarAndHeader.app; sourceTree = BUILT_PRODUCTS_DIR; };
		5E669DB022C129FA00B0C822 /* AppDelegate.swift */ = {isa = PBXFileReference; lastKnownFileType = sourcecode.swift; path = AppDelegate.swift; sourceTree = "<group>"; };
		5E669DB222C129FA00B0C822 /* ViewController.swift */ = {isa = PBXFileReference; lastKnownFileType = sourcecode.swift; path = ViewController.swift; sourceTree = "<group>"; };
		5E669DB722C129FB00B0C822 /* Assets.xcassets */ = {isa = PBXFileReference; lastKnownFileType = folder.assetcatalog; path = Assets.xcassets; sourceTree = "<group>"; };
		5E669DBA22C129FB00B0C822 /* Base */ = {isa = PBXFileReference; lastKnownFileType = file.storyboard; name = Base; path = Base.lproj/LaunchScreen.storyboard; sourceTree = "<group>"; };
		5E669DBC22C129FB00B0C822 /* Info.plist */ = {isa = PBXFileReference; lastKnownFileType = text.plist.xml; path = Info.plist; sourceTree = "<group>"; };
		5E669DC122C129FB00B0C822 /* NavBarAndHeaderTests.xctest */ = {isa = PBXFileReference; explicitFileType = wrapper.cfbundle; includeInIndex = 0; path = NavBarAndHeaderTests.xctest; sourceTree = BUILT_PRODUCTS_DIR; };
		5E669DC522C129FB00B0C822 /* NavBarAndHeaderTests.swift */ = {isa = PBXFileReference; lastKnownFileType = sourcecode.swift; path = NavBarAndHeaderTests.swift; sourceTree = "<group>"; };
		5E669DC722C129FB00B0C822 /* Info.plist */ = {isa = PBXFileReference; lastKnownFileType = text.plist.xml; path = Info.plist; sourceTree = "<group>"; };
		5E669DCC22C129FB00B0C822 /* NavBarAndHeaderUITests.xctest */ = {isa = PBXFileReference; explicitFileType = wrapper.cfbundle; includeInIndex = 0; path = NavBarAndHeaderUITests.xctest; sourceTree = BUILT_PRODUCTS_DIR; };
		5E669DD022C129FB00B0C822 /* NavBarAndHeaderUITests.swift */ = {isa = PBXFileReference; lastKnownFileType = sourcecode.swift; path = NavBarAndHeaderUITests.swift; sourceTree = "<group>"; };
		5E669DD222C129FB00B0C822 /* Info.plist */ = {isa = PBXFileReference; lastKnownFileType = text.plist.xml; path = Info.plist; sourceTree = "<group>"; };
		5E669DE222C12B3000B0C822 /* StretchHeader.swift */ = {isa = PBXFileReference; lastKnownFileType = sourcecode.swift; path = StretchHeader.swift; sourceTree = "<group>"; };
		5E669DE522C13AA200B0C822 /* DetailVC.swift */ = {isa = PBXFileReference; lastKnownFileType = sourcecode.swift; path = DetailVC.swift; sourceTree = "<group>"; };
		5E669DE722C13AE600B0C822 /* EventModel.swift */ = {isa = PBXFileReference; lastKnownFileType = sourcecode.swift; path = EventModel.swift; sourceTree = "<group>"; };
		5E669DEA22C13D3300B0C822 /* MasterVC.swift */ = {isa = PBXFileReference; lastKnownFileType = sourcecode.swift; path = MasterVC.swift; sourceTree = "<group>"; };
		5E669DEC22C13DF600B0C822 /* EventService.swift */ = {isa = PBXFileReference; lastKnownFileType = sourcecode.swift; path = EventService.swift; sourceTree = "<group>"; };
		5E669DEE22C13F1400B0C822 /* HttpHelp.swift */ = {isa = PBXFileReference; fileEncoding = 4; lastKnownFileType = sourcecode.swift; path = HttpHelp.swift; sourceTree = "<group>"; };
		5E669DEF22C13F1400B0C822 /* Reachability.swift */ = {isa = PBXFileReference; fileEncoding = 4; lastKnownFileType = sourcecode.swift; path = Reachability.swift; sourceTree = "<group>"; };
		5E669DF222C140CF00B0C822 /* MasterViewModel.swift */ = {isa = PBXFileReference; lastKnownFileType = sourcecode.swift; path = MasterViewModel.swift; sourceTree = "<group>"; };
		5E669DF422C146F200B0C822 /* Extensions.swift */ = {isa = PBXFileReference; lastKnownFileType = sourcecode.swift; path = Extensions.swift; sourceTree = "<group>"; };
		5E669DF622C1491900B0C822 /* MasterCell.swift */ = {isa = PBXFileReference; lastKnownFileType = sourcecode.swift; path = MasterCell.swift; sourceTree = "<group>"; };
		5E669DF822C14E8400B0C822 /* Protocols.swift */ = {isa = PBXFileReference; lastKnownFileType = sourcecode.swift; path = Protocols.swift; sourceTree = "<group>"; };
		5E669DFE22C16B7300B0C822 /* DetailCellPreferredLayout.swift */ = {isa = PBXFileReference; lastKnownFileType = sourcecode.swift; path = DetailCellPreferredLayout.swift; sourceTree = "<group>"; };
		5E669E0022C16BD700B0C822 /* DetailHeader.swift */ = {isa = PBXFileReference; lastKnownFileType = sourcecode.swift; path = DetailHeader.swift; sourceTree = "<group>"; };
		5E669E0A22C3D85800B0C822 /* DetailCellDelegate.swift */ = {isa = PBXFileReference; lastKnownFileType = sourcecode.swift; path = DetailCellDelegate.swift; sourceTree = "<group>"; };
		5E669E0C22C3FAEC00B0C822 /* MyCollectionView.swift */ = {isa = PBXFileReference; lastKnownFileType = sourcecode.swift; path = MyCollectionView.swift; sourceTree = "<group>"; };
		5E669E2722C54C1400B0C822 /* LayoutDelegateVC.swift */ = {isa = PBXFileReference; lastKnownFileType = sourcecode.swift; path = LayoutDelegateVC.swift; sourceTree = "<group>"; };
		6A69FDB1DA679384817D37D2 /* Pods-NavBarAndHeaderTests.release.xcconfig */ = {isa = PBXFileReference; includeInIndex = 1; lastKnownFileType = text.xcconfig; name = "Pods-NavBarAndHeaderTests.release.xcconfig"; path = "Target Support Files/Pods-NavBarAndHeaderTests/Pods-NavBarAndHeaderTests.release.xcconfig"; sourceTree = "<group>"; };
		7C651E1841C4D7C482CD061D /* Pods_NavBarAndHeader.framework */ = {isa = PBXFileReference; explicitFileType = wrapper.framework; includeInIndex = 0; path = Pods_NavBarAndHeader.framework; sourceTree = BUILT_PRODUCTS_DIR; };
		93CE8C216B211DA4AF681E81 /* Pods_NavBarAndHeaderUITests.framework */ = {isa = PBXFileReference; explicitFileType = wrapper.framework; includeInIndex = 0; path = Pods_NavBarAndHeaderUITests.framework; sourceTree = BUILT_PRODUCTS_DIR; };
		99FB770FA0EAC29AE418DC5D /* Pods-NavBarAndHeaderTests.debug.xcconfig */ = {isa = PBXFileReference; includeInIndex = 1; lastKnownFileType = text.xcconfig; name = "Pods-NavBarAndHeaderTests.debug.xcconfig"; path = "Target Support Files/Pods-NavBarAndHeaderTests/Pods-NavBarAndHeaderTests.debug.xcconfig"; sourceTree = "<group>"; };
		BD8034A1D883336C1E311B85 /* Pods-NavBarAndHeader.release.xcconfig */ = {isa = PBXFileReference; includeInIndex = 1; lastKnownFileType = text.xcconfig; name = "Pods-NavBarAndHeader.release.xcconfig"; path = "Target Support Files/Pods-NavBarAndHeader/Pods-NavBarAndHeader.release.xcconfig"; sourceTree = "<group>"; };
/* End PBXFileReference section */

/* Begin PBXFrameworksBuildPhase section */
		5E669DAA22C129FA00B0C822 /* Frameworks */ = {
			isa = PBXFrameworksBuildPhase;
			buildActionMask = 2147483647;
			files = (
				4ED1C8D3F80C898925B860B3 /* Pods_NavBarAndHeader.framework in Frameworks */,
			);
			runOnlyForDeploymentPostprocessing = 0;
		};
		5E669DBE22C129FB00B0C822 /* Frameworks */ = {
			isa = PBXFrameworksBuildPhase;
			buildActionMask = 2147483647;
			files = (
				932525FD641EFC9D4930A318 /* Pods_NavBarAndHeaderTests.framework in Frameworks */,
			);
			runOnlyForDeploymentPostprocessing = 0;
		};
		5E669DC922C129FB00B0C822 /* Frameworks */ = {
			isa = PBXFrameworksBuildPhase;
			buildActionMask = 2147483647;
			files = (
				0F3D116048DE649DB8DC22CD /* Pods_NavBarAndHeaderUITests.framework in Frameworks */,
			);
			runOnlyForDeploymentPostprocessing = 0;
		};
/* End PBXFrameworksBuildPhase section */

/* Begin PBXGroup section */
		0EEB74FD22C46D9100FA2A7B /* SelfSizingCell */ = {
			isa = PBXGroup;
			children = (
				5E669E2922C56DB800B0C822 /* TheMovie */,
				0EF0228622C4E3BE00ED3569 /* Main */,
				5E669DE922C13D1100B0C822 /* Master */,
				5E669DE422C13A6D00B0C822 /* DetailSelfSizingNib */,
				5E669E0722C3CDB000B0C822 /* DetailSelfSizingProg */,
				5E669E0622C3CD7500B0C822 /* DetailFlowLayoutDelegate */,
			);
			path = SelfSizingCell;
			sourceTree = "<group>";
		};
		0EF0228622C4E3BE00ED3569 /* Main */ = {
			isa = PBXGroup;
			children = (
				0EF0228422C4E3B900ED3569 /* MainVC.swift */,
				0EF0228922C4E73300ED3569 /* MainCell.swift */,
			);
			path = Main;
			sourceTree = "<group>";
		};
		5E669DA422C129FA00B0C822 = {
			isa = PBXGroup;
			children = (
				5E669DAF22C129FA00B0C822 /* NavBarAndHeader */,
				5E669DC422C129FB00B0C822 /* NavBarAndHeaderTests */,
				5E669DCF22C129FB00B0C822 /* NavBarAndHeaderUITests */,
				5E669DAE22C129FA00B0C822 /* Products */,
				8D616F370C4A0E25D841FD77 /* Pods */,
				EB9009DA5C3FC59221F5D2FE /* Frameworks */,
			);
			sourceTree = "<group>";
		};
		5E669DAE22C129FA00B0C822 /* Products */ = {
			isa = PBXGroup;
			children = (
				5E669DAD22C129FA00B0C822 /* NavBarAndHeader.app */,
				5E669DC122C129FB00B0C822 /* NavBarAndHeaderTests.xctest */,
				5E669DCC22C129FB00B0C822 /* NavBarAndHeaderUITests.xctest */,
			);
			name = Products;
			sourceTree = "<group>";
		};
		5E669DAF22C129FA00B0C822 /* NavBarAndHeader */ = {
			isa = PBXGroup;
			children = (
				0EEB74FD22C46D9100FA2A7B /* SelfSizingCell */,
				5E669DE022C12A4000B0C822 /* Common */,
				5E669DDE22C12A1800B0C822 /* Headers */,
				5E669DDF22C12A2600B0C822 /* NavBars */,
				5E669DE122C12A4600B0C822 /* Lib */,
				5E669DB022C129FA00B0C822 /* AppDelegate.swift */,
				5E669DB222C129FA00B0C822 /* ViewController.swift */,
				5E669DB722C129FB00B0C822 /* Assets.xcassets */,
				5E669DB922C129FB00B0C822 /* LaunchScreen.storyboard */,
				5E669DBC22C129FB00B0C822 /* Info.plist */,
			);
			path = NavBarAndHeader;
			sourceTree = "<group>";
		};
		5E669DC422C129FB00B0C822 /* NavBarAndHeaderTests */ = {
			isa = PBXGroup;
			children = (
				5E669DC522C129FB00B0C822 /* NavBarAndHeaderTests.swift */,
				5E669DC722C129FB00B0C822 /* Info.plist */,
			);
			path = NavBarAndHeaderTests;
			sourceTree = "<group>";
		};
		5E669DCF22C129FB00B0C822 /* NavBarAndHeaderUITests */ = {
			isa = PBXGroup;
			children = (
				5E669DD022C129FB00B0C822 /* NavBarAndHeaderUITests.swift */,
				5E669DD222C129FB00B0C822 /* Info.plist */,
			);
			path = NavBarAndHeaderUITests;
			sourceTree = "<group>";
		};
		5E669DDE22C12A1800B0C822 /* Headers */ = {
			isa = PBXGroup;
			children = (
				5E669E0022C16BD700B0C822 /* DetailHeader.swift */,
				5E669DE222C12B3000B0C822 /* StretchHeader.swift */,
			);
			path = Headers;
			sourceTree = "<group>";
		};
		5E669DDF22C12A2600B0C822 /* NavBars */ = {
			isa = PBXGroup;
			children = (
			);
			path = NavBars;
			sourceTree = "<group>";
		};
		5E669DE022C12A4000B0C822 /* Common */ = {
			isa = PBXGroup;
			children = (
				5E669DEC22C13DF600B0C822 /* EventService.swift */,
				5E669DF422C146F200B0C822 /* Extensions.swift */,
				5E669DF822C14E8400B0C822 /* Protocols.swift */,
			);
			path = Common;
			sourceTree = "<group>";
		};
		5E669DE122C12A4600B0C822 /* Lib */ = {
			isa = PBXGroup;
			children = (
				5E669DEE22C13F1400B0C822 /* HttpHelp.swift */,
				5E669DEF22C13F1400B0C822 /* Reachability.swift */,
			);
			path = Lib;
			sourceTree = "<group>";
		};
		5E669DE422C13A6D00B0C822 /* DetailSelfSizingNib */ = {
			isa = PBXGroup;
			children = (
				0EF0228722C4E55500ED3569 /* SelfSizingCellNibfileVC.swift */,
				0E30F0CF22C3ACDD004C0722 /* DetailCell2.swift */,
				0E30F0D022C3ACDD004C0722 /* DetailCell2.xib */,
			);
			path = DetailSelfSizingNib;
			sourceTree = "<group>";
		};
		5E669DE922C13D1100B0C822 /* Master */ = {
			isa = PBXGroup;
			children = (
				5E669DEA22C13D3300B0C822 /* MasterVC.swift */,
				5E669DF222C140CF00B0C822 /* MasterViewModel.swift */,
				5E669DF622C1491900B0C822 /* MasterCell.swift */,
				5E669DE722C13AE600B0C822 /* EventModel.swift */,
				5E669DE522C13AA200B0C822 /* DetailVC.swift */,
			);
			path = Master;
			sourceTree = "<group>";
		};
		5E669E0622C3CD7500B0C822 /* DetailFlowLayoutDelegate */ = {
			isa = PBXGroup;
			children = (
				5E669E2722C54C1400B0C822 /* LayoutDelegateVC.swift */,
				5E669E0C22C3FAEC00B0C822 /* MyCollectionView.swift */,
				5E669E0A22C3D85800B0C822 /* DetailCellDelegate.swift */,
			);
			path = DetailFlowLayoutDelegate;
			sourceTree = "<group>";
		};
		5E669E0722C3CDB000B0C822 /* DetailSelfSizingProg */ = {
			isa = PBXGroup;
			children = (
				5E669DFE22C16B7300B0C822 /* DetailCellPreferredLayout.swift */,
			);
			path = DetailSelfSizingProg;
			sourceTree = "<group>";
		};
		5E669E2922C56DB800B0C822 /* TheMovie */ = {
			isa = PBXGroup;
			children = (
			);
			path = TheMovie;
			sourceTree = "<group>";
		};
		8D616F370C4A0E25D841FD77 /* Pods */ = {
			isa = PBXGroup;
			children = (
				149BE6084373216900C51B82 /* Pods-NavBarAndHeader.debug.xcconfig */,
				BD8034A1D883336C1E311B85 /* Pods-NavBarAndHeader.release.xcconfig */,
				99FB770FA0EAC29AE418DC5D /* Pods-NavBarAndHeaderTests.debug.xcconfig */,
				6A69FDB1DA679384817D37D2 /* Pods-NavBarAndHeaderTests.release.xcconfig */,
				335A8E6132B52216FCE049B0 /* Pods-NavBarAndHeaderUITests.debug.xcconfig */,
				085484A9662D42702138E07E /* Pods-NavBarAndHeaderUITests.release.xcconfig */,
			);
			path = Pods;
			sourceTree = "<group>";
		};
		EB9009DA5C3FC59221F5D2FE /* Frameworks */ = {
			isa = PBXGroup;
			children = (
				7C651E1841C4D7C482CD061D /* Pods_NavBarAndHeader.framework */,
				1AEE2B00964F23F0080F814E /* Pods_NavBarAndHeaderTests.framework */,
				93CE8C216B211DA4AF681E81 /* Pods_NavBarAndHeaderUITests.framework */,
			);
			name = Frameworks;
			sourceTree = "<group>";
		};
/* End PBXGroup section */

/* Begin PBXNativeTarget section */
		5E669DAC22C129FA00B0C822 /* NavBarAndHeader */ = {
			isa = PBXNativeTarget;
			buildConfigurationList = 5E669DD522C129FB00B0C822 /* Build configuration list for PBXNativeTarget "NavBarAndHeader" */;
			buildPhases = (
				268F92B28278637DF5BF1AE4 /* [CP] Check Pods Manifest.lock */,
				5E669DA922C129FA00B0C822 /* Sources */,
				5E669DAA22C129FA00B0C822 /* Frameworks */,
				5E669DAB22C129FA00B0C822 /* Resources */,
				3D76B56ECC5D9C65B8FFEB97 /* [CP] Embed Pods Frameworks */,
			);
			buildRules = (
			);
			dependencies = (
			);
			name = NavBarAndHeader;
			productName = NavBarAndHeader;
			productReference = 5E669DAD22C129FA00B0C822 /* NavBarAndHeader.app */;
			productType = "com.apple.product-type.application";
		};
		5E669DC022C129FB00B0C822 /* NavBarAndHeaderTests */ = {
			isa = PBXNativeTarget;
			buildConfigurationList = 5E669DD822C129FB00B0C822 /* Build configuration list for PBXNativeTarget "NavBarAndHeaderTests" */;
			buildPhases = (
				092F2020781D9698836DD21D /* [CP] Check Pods Manifest.lock */,
				5E669DBD22C129FB00B0C822 /* Sources */,
				5E669DBE22C129FB00B0C822 /* Frameworks */,
				5E669DBF22C129FB00B0C822 /* Resources */,
			);
			buildRules = (
			);
			dependencies = (
				5E669DC322C129FB00B0C822 /* PBXTargetDependency */,
			);
			name = NavBarAndHeaderTests;
			productName = NavBarAndHeaderTests;
			productReference = 5E669DC122C129FB00B0C822 /* NavBarAndHeaderTests.xctest */;
			productType = "com.apple.product-type.bundle.unit-test";
		};
		5E669DCB22C129FB00B0C822 /* NavBarAndHeaderUITests */ = {
			isa = PBXNativeTarget;
			buildConfigurationList = 5E669DDB22C129FB00B0C822 /* Build configuration list for PBXNativeTarget "NavBarAndHeaderUITests" */;
			buildPhases = (
				7DEE1230F14DE326B8B5A4C6 /* [CP] Check Pods Manifest.lock */,
				5E669DC822C129FB00B0C822 /* Sources */,
				5E669DC922C129FB00B0C822 /* Frameworks */,
				5E669DCA22C129FB00B0C822 /* Resources */,
			);
			buildRules = (
			);
			dependencies = (
				5E669DCE22C129FB00B0C822 /* PBXTargetDependency */,
			);
			name = NavBarAndHeaderUITests;
			productName = NavBarAndHeaderUITests;
			productReference = 5E669DCC22C129FB00B0C822 /* NavBarAndHeaderUITests.xctest */;
			productType = "com.apple.product-type.bundle.ui-testing";
		};
/* End PBXNativeTarget section */

/* Begin PBXProject section */
		5E669DA522C129FA00B0C822 /* Project object */ = {
			isa = PBXProject;
			attributes = {
				LastSwiftUpdateCheck = 1020;
				LastUpgradeCheck = 1020;
				ORGANIZATIONNAME = "Mike Saradeth";
				TargetAttributes = {
					5E669DAC22C129FA00B0C822 = {
						CreatedOnToolsVersion = 10.2;
					};
					5E669DC022C129FB00B0C822 = {
						CreatedOnToolsVersion = 10.2;
						TestTargetID = 5E669DAC22C129FA00B0C822;
					};
					5E669DCB22C129FB00B0C822 = {
						CreatedOnToolsVersion = 10.2;
						TestTargetID = 5E669DAC22C129FA00B0C822;
					};
				};
			};
			buildConfigurationList = 5E669DA822C129FA00B0C822 /* Build configuration list for PBXProject "NavBarAndHeader" */;
			compatibilityVersion = "Xcode 9.3";
			developmentRegion = en;
			hasScannedForEncodings = 0;
			knownRegions = (
				en,
				Base,
			);
			mainGroup = 5E669DA422C129FA00B0C822;
			productRefGroup = 5E669DAE22C129FA00B0C822 /* Products */;
			projectDirPath = "";
			projectRoot = "";
			targets = (
				5E669DAC22C129FA00B0C822 /* NavBarAndHeader */,
				5E669DC022C129FB00B0C822 /* NavBarAndHeaderTests */,
				5E669DCB22C129FB00B0C822 /* NavBarAndHeaderUITests */,
			);
		};
/* End PBXProject section */

/* Begin PBXResourcesBuildPhase section */
		5E669DAB22C129FA00B0C822 /* Resources */ = {
			isa = PBXResourcesBuildPhase;
			buildActionMask = 2147483647;
			files = (
				0E30F0D222C3ACDD004C0722 /* DetailCell2.xib in Resources */,
				5E669DBB22C129FB00B0C822 /* LaunchScreen.storyboard in Resources */,
				5E669DB822C129FB00B0C822 /* Assets.xcassets in Resources */,
			);
			runOnlyForDeploymentPostprocessing = 0;
		};
		5E669DBF22C129FB00B0C822 /* Resources */ = {
			isa = PBXResourcesBuildPhase;
			buildActionMask = 2147483647;
			files = (
			);
			runOnlyForDeploymentPostprocessing = 0;
		};
		5E669DCA22C129FB00B0C822 /* Resources */ = {
			isa = PBXResourcesBuildPhase;
			buildActionMask = 2147483647;
			files = (
			);
			runOnlyForDeploymentPostprocessing = 0;
		};
/* End PBXResourcesBuildPhase section */

/* Begin PBXShellScriptBuildPhase section */
		092F2020781D9698836DD21D /* [CP] Check Pods Manifest.lock */ = {
			isa = PBXShellScriptBuildPhase;
			buildActionMask = 2147483647;
			files = (
			);
			inputFileListPaths = (
			);
			inputPaths = (
				"${PODS_PODFILE_DIR_PATH}/Podfile.lock",
				"${PODS_ROOT}/Manifest.lock",
			);
			name = "[CP] Check Pods Manifest.lock";
			outputFileListPaths = (
			);
			outputPaths = (
				"$(DERIVED_FILE_DIR)/Pods-NavBarAndHeaderTests-checkManifestLockResult.txt",
			);
			runOnlyForDeploymentPostprocessing = 0;
			shellPath = /bin/sh;
			shellScript = "diff \"${PODS_PODFILE_DIR_PATH}/Podfile.lock\" \"${PODS_ROOT}/Manifest.lock\" > /dev/null\nif [ $? != 0 ] ; then\n    # print error to STDERR\n    echo \"error: The sandbox is not in sync with the Podfile.lock. Run 'pod install' or update your CocoaPods installation.\" >&2\n    exit 1\nfi\n# This output is used by Xcode 'outputs' to avoid re-running this script phase.\necho \"SUCCESS\" > \"${SCRIPT_OUTPUT_FILE_0}\"\n";
			showEnvVarsInLog = 0;
		};
		268F92B28278637DF5BF1AE4 /* [CP] Check Pods Manifest.lock */ = {
			isa = PBXShellScriptBuildPhase;
			buildActionMask = 2147483647;
			files = (
			);
			inputFileListPaths = (
			);
			inputPaths = (
				"${PODS_PODFILE_DIR_PATH}/Podfile.lock",
				"${PODS_ROOT}/Manifest.lock",
			);
			name = "[CP] Check Pods Manifest.lock";
			outputFileListPaths = (
			);
			outputPaths = (
				"$(DERIVED_FILE_DIR)/Pods-NavBarAndHeader-checkManifestLockResult.txt",
			);
			runOnlyForDeploymentPostprocessing = 0;
			shellPath = /bin/sh;
			shellScript = "diff \"${PODS_PODFILE_DIR_PATH}/Podfile.lock\" \"${PODS_ROOT}/Manifest.lock\" > /dev/null\nif [ $? != 0 ] ; then\n    # print error to STDERR\n    echo \"error: The sandbox is not in sync with the Podfile.lock. Run 'pod install' or update your CocoaPods installation.\" >&2\n    exit 1\nfi\n# This output is used by Xcode 'outputs' to avoid re-running this script phase.\necho \"SUCCESS\" > \"${SCRIPT_OUTPUT_FILE_0}\"\n";
			showEnvVarsInLog = 0;
		};
		3D76B56ECC5D9C65B8FFEB97 /* [CP] Embed Pods Frameworks */ = {
			isa = PBXShellScriptBuildPhase;
			buildActionMask = 2147483647;
			files = (
			);
			inputFileListPaths = (
			);
			inputPaths = (
				"${PODS_ROOT}/Target Support Files/Pods-NavBarAndHeader/Pods-NavBarAndHeader-frameworks.sh",
				"${BUILT_PRODUCTS_DIR}/Alamofire/Alamofire.framework",
			);
			name = "[CP] Embed Pods Frameworks";
			outputFileListPaths = (
			);
			outputPaths = (
				"${TARGET_BUILD_DIR}/${FRAMEWORKS_FOLDER_PATH}/Alamofire.framework",
			);
			runOnlyForDeploymentPostprocessing = 0;
			shellPath = /bin/sh;
			shellScript = "\"${PODS_ROOT}/Target Support Files/Pods-NavBarAndHeader/Pods-NavBarAndHeader-frameworks.sh\"\n";
			showEnvVarsInLog = 0;
		};
		7DEE1230F14DE326B8B5A4C6 /* [CP] Check Pods Manifest.lock */ = {
			isa = PBXShellScriptBuildPhase;
			buildActionMask = 2147483647;
			files = (
			);
			inputFileListPaths = (
			);
			inputPaths = (
				"${PODS_PODFILE_DIR_PATH}/Podfile.lock",
				"${PODS_ROOT}/Manifest.lock",
			);
			name = "[CP] Check Pods Manifest.lock";
			outputFileListPaths = (
			);
			outputPaths = (
				"$(DERIVED_FILE_DIR)/Pods-NavBarAndHeaderUITests-checkManifestLockResult.txt",
			);
			runOnlyForDeploymentPostprocessing = 0;
			shellPath = /bin/sh;
			shellScript = "diff \"${PODS_PODFILE_DIR_PATH}/Podfile.lock\" \"${PODS_ROOT}/Manifest.lock\" > /dev/null\nif [ $? != 0 ] ; then\n    # print error to STDERR\n    echo \"error: The sandbox is not in sync with the Podfile.lock. Run 'pod install' or update your CocoaPods installation.\" >&2\n    exit 1\nfi\n# This output is used by Xcode 'outputs' to avoid re-running this script phase.\necho \"SUCCESS\" > \"${SCRIPT_OUTPUT_FILE_0}\"\n";
			showEnvVarsInLog = 0;
		};
/* End PBXShellScriptBuildPhase section */

/* Begin PBXSourcesBuildPhase section */
		5E669DA922C129FA00B0C822 /* Sources */ = {
			isa = PBXSourcesBuildPhase;
			buildActionMask = 2147483647;
			files = (
				0EF0228822C4E55500ED3569 /* SelfSizingCellNibfileVC.swift in Sources */,
				5E669DF322C140CF00B0C822 /* MasterViewModel.swift in Sources */,
				0E30F0D122C3ACDD004C0722 /* DetailCell2.swift in Sources */,
				5E669DEB22C13D3300B0C822 /* MasterVC.swift in Sources */,
				5E669DB322C129FA00B0C822 /* ViewController.swift in Sources */,
				5E669E0D22C3FAEC00B0C822 /* MyCollectionView.swift in Sources */,
				5E669DF722C1491900B0C822 /* MasterCell.swift in Sources */,
				5E669DF022C13F1400B0C822 /* HttpHelp.swift in Sources */,
				0EF0228A22C4E73300ED3569 /* MainCell.swift in Sources */,
				5E669DE622C13AA200B0C822 /* DetailVC.swift in Sources */,
				5E669E0B22C3D85800B0C822 /* DetailCellDelegate.swift in Sources */,
				5E669DB122C129FA00B0C822 /* AppDelegate.swift in Sources */,
				5E669DF122C13F1400B0C822 /* Reachability.swift in Sources */,
				5E669E2822C54C1400B0C822 /* LayoutDelegateVC.swift in Sources */,
				5E669DE822C13AE600B0C822 /* EventModel.swift in Sources */,
				0EF0228522C4E3B900ED3569 /* MainVC.swift in Sources */,
				5E669DF922C14E8400B0C822 /* Protocols.swift in Sources */,
				5E669DE322C12B3000B0C822 /* StretchHeader.swift in Sources */,
				5E669DF522C146F200B0C822 /* Extensions.swift in Sources */,
				5E669DFF22C16B7300B0C822 /* DetailCellPreferredLayout.swift in Sources */,
				5E669E0122C16BD700B0C822 /* DetailHeader.swift in Sources */,
				5E669DED22C13DF600B0C822 /* EventService.swift in Sources */,
			);
			runOnlyForDeploymentPostprocessing = 0;
		};
		5E669DBD22C129FB00B0C822 /* Sources */ = {
			isa = PBXSourcesBuildPhase;
			buildActionMask = 2147483647;
			files = (
				5E669DC622C129FB00B0C822 /* NavBarAndHeaderTests.swift in Sources */,
			);
			runOnlyForDeploymentPostprocessing = 0;
		};
		5E669DC822C129FB00B0C822 /* Sources */ = {
			isa = PBXSourcesBuildPhase;
			buildActionMask = 2147483647;
			files = (
				5E669DD122C129FB00B0C822 /* NavBarAndHeaderUITests.swift in Sources */,
			);
			runOnlyForDeploymentPostprocessing = 0;
		};
/* End PBXSourcesBuildPhase section */

/* Begin PBXTargetDependency section */
		5E669DC322C129FB00B0C822 /* PBXTargetDependency */ = {
			isa = PBXTargetDependency;
			target = 5E669DAC22C129FA00B0C822 /* NavBarAndHeader */;
			targetProxy = 5E669DC222C129FB00B0C822 /* PBXContainerItemProxy */;
		};
		5E669DCE22C129FB00B0C822 /* PBXTargetDependency */ = {
			isa = PBXTargetDependency;
			target = 5E669DAC22C129FA00B0C822 /* NavBarAndHeader */;
			targetProxy = 5E669DCD22C129FB00B0C822 /* PBXContainerItemProxy */;
		};
/* End PBXTargetDependency section */

/* Begin PBXVariantGroup section */
		5E669DB922C129FB00B0C822 /* LaunchScreen.storyboard */ = {
			isa = PBXVariantGroup;
			children = (
				5E669DBA22C129FB00B0C822 /* Base */,
			);
			name = LaunchScreen.storyboard;
			sourceTree = "<group>";
		};
/* End PBXVariantGroup section */

/* Begin XCBuildConfiguration section */
		5E669DD322C129FB00B0C822 /* Debug */ = {
			isa = XCBuildConfiguration;
			buildSettings = {
				ALWAYS_SEARCH_USER_PATHS = NO;
				CLANG_ANALYZER_NONNULL = YES;
				CLANG_ANALYZER_NUMBER_OBJECT_CONVERSION = YES_AGGRESSIVE;
				CLANG_CXX_LANGUAGE_STANDARD = "gnu++14";
				CLANG_CXX_LIBRARY = "libc++";
				CLANG_ENABLE_MODULES = YES;
				CLANG_ENABLE_OBJC_ARC = YES;
				CLANG_ENABLE_OBJC_WEAK = YES;
				CLANG_WARN_BLOCK_CAPTURE_AUTORELEASING = YES;
				CLANG_WARN_BOOL_CONVERSION = YES;
				CLANG_WARN_COMMA = YES;
				CLANG_WARN_CONSTANT_CONVERSION = YES;
				CLANG_WARN_DEPRECATED_OBJC_IMPLEMENTATIONS = YES;
				CLANG_WARN_DIRECT_OBJC_ISA_USAGE = YES_ERROR;
				CLANG_WARN_DOCUMENTATION_COMMENTS = YES;
				CLANG_WARN_EMPTY_BODY = YES;
				CLANG_WARN_ENUM_CONVERSION = YES;
				CLANG_WARN_INFINITE_RECURSION = YES;
				CLANG_WARN_INT_CONVERSION = YES;
				CLANG_WARN_NON_LITERAL_NULL_CONVERSION = YES;
				CLANG_WARN_OBJC_IMPLICIT_RETAIN_SELF = YES;
				CLANG_WARN_OBJC_LITERAL_CONVERSION = YES;
				CLANG_WARN_OBJC_ROOT_CLASS = YES_ERROR;
				CLANG_WARN_RANGE_LOOP_ANALYSIS = YES;
				CLANG_WARN_STRICT_PROTOTYPES = YES;
				CLANG_WARN_SUSPICIOUS_MOVE = YES;
				CLANG_WARN_UNGUARDED_AVAILABILITY = YES_AGGRESSIVE;
				CLANG_WARN_UNREACHABLE_CODE = YES;
				CLANG_WARN__DUPLICATE_METHOD_MATCH = YES;
				CODE_SIGN_IDENTITY = "iPhone Developer";
				COPY_PHASE_STRIP = NO;
				DEBUG_INFORMATION_FORMAT = dwarf;
				ENABLE_STRICT_OBJC_MSGSEND = YES;
				ENABLE_TESTABILITY = YES;
				GCC_C_LANGUAGE_STANDARD = gnu11;
				GCC_DYNAMIC_NO_PIC = NO;
				GCC_NO_COMMON_BLOCKS = YES;
				GCC_OPTIMIZATION_LEVEL = 0;
				GCC_PREPROCESSOR_DEFINITIONS = (
					"DEBUG=1",
					"$(inherited)",
				);
				GCC_WARN_64_TO_32_BIT_CONVERSION = YES;
				GCC_WARN_ABOUT_RETURN_TYPE = YES_ERROR;
				GCC_WARN_UNDECLARED_SELECTOR = YES;
				GCC_WARN_UNINITIALIZED_AUTOS = YES_AGGRESSIVE;
				GCC_WARN_UNUSED_FUNCTION = YES;
				GCC_WARN_UNUSED_VARIABLE = YES;
				IPHONEOS_DEPLOYMENT_TARGET = 12.2;
				MTL_ENABLE_DEBUG_INFO = INCLUDE_SOURCE;
				MTL_FAST_MATH = YES;
				ONLY_ACTIVE_ARCH = YES;
				SDKROOT = iphoneos;
				SWIFT_ACTIVE_COMPILATION_CONDITIONS = DEBUG;
				SWIFT_OPTIMIZATION_LEVEL = "-Onone";
			};
			name = Debug;
		};
		5E669DD422C129FB00B0C822 /* Release */ = {
			isa = XCBuildConfiguration;
			buildSettings = {
				ALWAYS_SEARCH_USER_PATHS = NO;
				CLANG_ANALYZER_NONNULL = YES;
				CLANG_ANALYZER_NUMBER_OBJECT_CONVERSION = YES_AGGRESSIVE;
				CLANG_CXX_LANGUAGE_STANDARD = "gnu++14";
				CLANG_CXX_LIBRARY = "libc++";
				CLANG_ENABLE_MODULES = YES;
				CLANG_ENABLE_OBJC_ARC = YES;
				CLANG_ENABLE_OBJC_WEAK = YES;
				CLANG_WARN_BLOCK_CAPTURE_AUTORELEASING = YES;
				CLANG_WARN_BOOL_CONVERSION = YES;
				CLANG_WARN_COMMA = YES;
				CLANG_WARN_CONSTANT_CONVERSION = YES;
				CLANG_WARN_DEPRECATED_OBJC_IMPLEMENTATIONS = YES;
				CLANG_WARN_DIRECT_OBJC_ISA_USAGE = YES_ERROR;
				CLANG_WARN_DOCUMENTATION_COMMENTS = YES;
				CLANG_WARN_EMPTY_BODY = YES;
				CLANG_WARN_ENUM_CONVERSION = YES;
				CLANG_WARN_INFINITE_RECURSION = YES;
				CLANG_WARN_INT_CONVERSION = YES;
				CLANG_WARN_NON_LITERAL_NULL_CONVERSION = YES;
				CLANG_WARN_OBJC_IMPLICIT_RETAIN_SELF = YES;
				CLANG_WARN_OBJC_LITERAL_CONVERSION = YES;
				CLANG_WARN_OBJC_ROOT_CLASS = YES_ERROR;
				CLANG_WARN_RANGE_LOOP_ANALYSIS = YES;
				CLANG_WARN_STRICT_PROTOTYPES = YES;
				CLANG_WARN_SUSPICIOUS_MOVE = YES;
				CLANG_WARN_UNGUARDED_AVAILABILITY = YES_AGGRESSIVE;
				CLANG_WARN_UNREACHABLE_CODE = YES;
				CLANG_WARN__DUPLICATE_METHOD_MATCH = YES;
				CODE_SIGN_IDENTITY = "iPhone Developer";
				COPY_PHASE_STRIP = NO;
				DEBUG_INFORMATION_FORMAT = "dwarf-with-dsym";
				ENABLE_NS_ASSERTIONS = NO;
				ENABLE_STRICT_OBJC_MSGSEND = YES;
				GCC_C_LANGUAGE_STANDARD = gnu11;
				GCC_NO_COMMON_BLOCKS = YES;
				GCC_WARN_64_TO_32_BIT_CONVERSION = YES;
				GCC_WARN_ABOUT_RETURN_TYPE = YES_ERROR;
				GCC_WARN_UNDECLARED_SELECTOR = YES;
				GCC_WARN_UNINITIALIZED_AUTOS = YES_AGGRESSIVE;
				GCC_WARN_UNUSED_FUNCTION = YES;
				GCC_WARN_UNUSED_VARIABLE = YES;
				IPHONEOS_DEPLOYMENT_TARGET = 12.2;
				MTL_ENABLE_DEBUG_INFO = NO;
				MTL_FAST_MATH = YES;
				SDKROOT = iphoneos;
				SWIFT_COMPILATION_MODE = wholemodule;
				SWIFT_OPTIMIZATION_LEVEL = "-O";
				VALIDATE_PRODUCT = YES;
			};
			name = Release;
		};
		5E669DD622C129FB00B0C822 /* Debug */ = {
			isa = XCBuildConfiguration;
			baseConfigurationReference = 149BE6084373216900C51B82 /* Pods-NavBarAndHeader.debug.xcconfig */;
			buildSettings = {
				ASSETCATALOG_COMPILER_APPICON_NAME = AppIcon;
				CODE_SIGN_STYLE = Automatic;
				DEVELOPMENT_TEAM = LP46D328FV;
				INFOPLIST_FILE = NavBarAndHeader/Info.plist;
				IPHONEOS_DEPLOYMENT_TARGET = 11.0;
				LD_RUNPATH_SEARCH_PATHS = (
					"$(inherited)",
					"@executable_path/Frameworks",
				);
				PRODUCT_BUNDLE_IDENTIFIER = "Mike-Saradeth.NavBarAndHeader";
				PRODUCT_NAME = "$(TARGET_NAME)";
				SWIFT_VERSION = 5.0;
				TARGETED_DEVICE_FAMILY = "1,2";
			};
			name = Debug;
		};
		5E669DD722C129FB00B0C822 /* Release */ = {
			isa = XCBuildConfiguration;
			baseConfigurationReference = BD8034A1D883336C1E311B85 /* Pods-NavBarAndHeader.release.xcconfig */;
			buildSettings = {
				ASSETCATALOG_COMPILER_APPICON_NAME = AppIcon;
				CODE_SIGN_STYLE = Automatic;
				DEVELOPMENT_TEAM = LP46D328FV;
				INFOPLIST_FILE = NavBarAndHeader/Info.plist;
				IPHONEOS_DEPLOYMENT_TARGET = 11.0;
				LD_RUNPATH_SEARCH_PATHS = (
					"$(inherited)",
					"@executable_path/Frameworks",
				);
				PRODUCT_BUNDLE_IDENTIFIER = "Mike-Saradeth.NavBarAndHeader";
				PRODUCT_NAME = "$(TARGET_NAME)";
				SWIFT_VERSION = 5.0;
				TARGETED_DEVICE_FAMILY = "1,2";
			};
			name = Release;
		};
		5E669DD922C129FB00B0C822 /* Debug */ = {
			isa = XCBuildConfiguration;
			baseConfigurationReference = 99FB770FA0EAC29AE418DC5D /* Pods-NavBarAndHeaderTests.debug.xcconfig */;
			buildSettings = {
				ALWAYS_EMBED_SWIFT_STANDARD_LIBRARIES = YES;
				BUNDLE_LOADER = "$(TEST_HOST)";
				CODE_SIGN_STYLE = Automatic;
				DEVELOPMENT_TEAM = LP46D328FV;
				INFOPLIST_FILE = NavBarAndHeaderTests/Info.plist;
				LD_RUNPATH_SEARCH_PATHS = (
					"$(inherited)",
					"@executable_path/Frameworks",
					"@loader_path/Frameworks",
				);
				PRODUCT_BUNDLE_IDENTIFIER = "Mike-Saradeth.NavBarAndHeaderTests";
				PRODUCT_NAME = "$(TARGET_NAME)";
				SWIFT_VERSION = 5.0;
				TARGETED_DEVICE_FAMILY = "1,2";
				TEST_HOST = "$(BUILT_PRODUCTS_DIR)/NavBarAndHeader.app/NavBarAndHeader";
			};
			name = Debug;
		};
		5E669DDA22C129FB00B0C822 /* Release */ = {
			isa = XCBuildConfiguration;
			baseConfigurationReference = 6A69FDB1DA679384817D37D2 /* Pods-NavBarAndHeaderTests.release.xcconfig */;
			buildSettings = {
				ALWAYS_EMBED_SWIFT_STANDARD_LIBRARIES = YES;
				BUNDLE_LOADER = "$(TEST_HOST)";
				CODE_SIGN_STYLE = Automatic;
				DEVELOPMENT_TEAM = LP46D328FV;
				INFOPLIST_FILE = NavBarAndHeaderTests/Info.plist;
				LD_RUNPATH_SEARCH_PATHS = (
					"$(inherited)",
					"@executable_path/Frameworks",
					"@loader_path/Frameworks",
				);
				PRODUCT_BUNDLE_IDENTIFIER = "Mike-Saradeth.NavBarAndHeaderTests";
				PRODUCT_NAME = "$(TARGET_NAME)";
				SWIFT_VERSION = 5.0;
				TARGETED_DEVICE_FAMILY = "1,2";
				TEST_HOST = "$(BUILT_PRODUCTS_DIR)/NavBarAndHeader.app/NavBarAndHeader";
			};
			name = Release;
		};
		5E669DDC22C129FB00B0C822 /* Debug */ = {
			isa = XCBuildConfiguration;
			baseConfigurationReference = 335A8E6132B52216FCE049B0 /* Pods-NavBarAndHeaderUITests.debug.xcconfig */;
			buildSettings = {
				ALWAYS_EMBED_SWIFT_STANDARD_LIBRARIES = YES;
				CODE_SIGN_STYLE = Automatic;
				DEVELOPMENT_TEAM = LP46D328FV;
				INFOPLIST_FILE = NavBarAndHeaderUITests/Info.plist;
				LD_RUNPATH_SEARCH_PATHS = (
					"$(inherited)",
					"@executable_path/Frameworks",
					"@loader_path/Frameworks",
				);
				PRODUCT_BUNDLE_IDENTIFIER = "Mike-Saradeth.NavBarAndHeaderUITests";
				PRODUCT_NAME = "$(TARGET_NAME)";
				SWIFT_VERSION = 5.0;
				TARGETED_DEVICE_FAMILY = "1,2";
				TEST_TARGET_NAME = NavBarAndHeader;
			};
			name = Debug;
		};
		5E669DDD22C129FB00B0C822 /* Release */ = {
			isa = XCBuildConfiguration;
			baseConfigurationReference = 085484A9662D42702138E07E /* Pods-NavBarAndHeaderUITests.release.xcconfig */;
			buildSettings = {
				ALWAYS_EMBED_SWIFT_STANDARD_LIBRARIES = YES;
				CODE_SIGN_STYLE = Automatic;
				DEVELOPMENT_TEAM = LP46D328FV;
				INFOPLIST_FILE = NavBarAndHeaderUITests/Info.plist;
				LD_RUNPATH_SEARCH_PATHS = (
					"$(inherited)",
					"@executable_path/Frameworks",
					"@loader_path/Frameworks",
				);
				PRODUCT_BUNDLE_IDENTIFIER = "Mike-Saradeth.NavBarAndHeaderUITests";
				PRODUCT_NAME = "$(TARGET_NAME)";
				SWIFT_VERSION = 5.0;
				TARGETED_DEVICE_FAMILY = "1,2";
				TEST_TARGET_NAME = NavBarAndHeader;
			};
			name = Release;
		};
/* End XCBuildConfiguration section */

/* Begin XCConfigurationList section */
		5E669DA822C129FA00B0C822 /* Build configuration list for PBXProject "NavBarAndHeader" */ = {
			isa = XCConfigurationList;
			buildConfigurations = (
				5E669DD322C129FB00B0C822 /* Debug */,
				5E669DD422C129FB00B0C822 /* Release */,
			);
			defaultConfigurationIsVisible = 0;
			defaultConfigurationName = Release;
		};
		5E669DD522C129FB00B0C822 /* Build configuration list for PBXNativeTarget "NavBarAndHeader" */ = {
			isa = XCConfigurationList;
			buildConfigurations = (
				5E669DD622C129FB00B0C822 /* Debug */,
				5E669DD722C129FB00B0C822 /* Release */,
			);
			defaultConfigurationIsVisible = 0;
			defaultConfigurationName = Release;
		};
		5E669DD822C129FB00B0C822 /* Build configuration list for PBXNativeTarget "NavBarAndHeaderTests" */ = {
			isa = XCConfigurationList;
			buildConfigurations = (
				5E669DD922C129FB00B0C822 /* Debug */,
				5E669DDA22C129FB00B0C822 /* Release */,
			);
			defaultConfigurationIsVisible = 0;
			defaultConfigurationName = Release;
		};
		5E669DDB22C129FB00B0C822 /* Build configuration list for PBXNativeTarget "NavBarAndHeaderUITests" */ = {
			isa = XCConfigurationList;
			buildConfigurations = (
				5E669DDC22C129FB00B0C822 /* Debug */,
				5E669DDD22C129FB00B0C822 /* Release */,
			);
			defaultConfigurationIsVisible = 0;
			defaultConfigurationName = Release;
		};
/* End XCConfigurationList section */
	};
	rootObject = 5E669DA522C129FA00B0C822 /* Project object */;
}
